// !$*UTF8*$!
{
	archiveVersion = 1;
	classes = {
	};
	objectVersion = 46;
	objects = {

/* Begin PBXBuildFile section */
		0127D71F1F207EA10046268F /* DogModel.m in Sources */ = {isa = PBXBuildFile; fileRef = 0127D71E1F207EA10046268F /* DogModel.m */; };
		01B2C44E1F1CB4FC007EBAEB /* main.m in Sources */ = {isa = PBXBuildFile; fileRef = 01B2C44D1F1CB4FC007EBAEB /* main.m */; };
		01B2C4511F1CB4FC007EBAEB /* AppDelegate.m in Sources */ = {isa = PBXBuildFile; fileRef = 01B2C4501F1CB4FC007EBAEB /* AppDelegate.m */; };
		01B2C4541F1CB4FC007EBAEB /* ViewController.m in Sources */ = {isa = PBXBuildFile; fileRef = 01B2C4531F1CB4FC007EBAEB /* ViewController.m */; };
		01B2C4571F1CB4FC007EBAEB /* Main.storyboard in Resources */ = {isa = PBXBuildFile; fileRef = 01B2C4551F1CB4FC007EBAEB /* Main.storyboard */; };
		01B2C4591F1CB4FC007EBAEB /* Assets.xcassets in Resources */ = {isa = PBXBuildFile; fileRef = 01B2C4581F1CB4FC007EBAEB /* Assets.xcassets */; };
		01B2C45C1F1CB4FD007EBAEB /* LaunchScreen.storyboard in Resources */ = {isa = PBXBuildFile; fileRef = 01B2C45A1F1CB4FD007EBAEB /* LaunchScreen.storyboard */; };
		01B2C4651F1CB716007EBAEB /* PersonModel.m in Sources */ = {isa = PBXBuildFile; fileRef = 01B2C4641F1CB716007EBAEB /* PersonModel.m */; };
		01B2C4681F1CB968007EBAEB /* PersonModel+addAttribute.m in Sources */ = {isa = PBXBuildFile; fileRef = 01B2C4671F1CB968007EBAEB /* PersonModel+addAttribute.m */; };
		01B2C46B1F1CC0DF007EBAEB /* UIImage+changeMethod.m in Sources */ = {isa = PBXBuildFile; fileRef = 01B2C46A1F1CC0DF007EBAEB /* UIImage+changeMethod.m */; };
		01B2C46E1F1CC7BA007EBAEB /* NSObject+DictionaryToModel.m in Sources */ = {isa = PBXBuildFile; fileRef = 01B2C46D1F1CC7BA007EBAEB /* NSObject+DictionaryToModel.m */; };
/* End PBXBuildFile section */

/* Begin PBXFileReference section */
		0127D71D1F207EA10046268F /* DogModel.h */ = {isa = PBXFileReference; fileEncoding = 4; lastKnownFileType = sourcecode.c.h; path = DogModel.h; sourceTree = "<group>"; };
		0127D71E1F207EA10046268F /* DogModel.m */ = {isa = PBXFileReference; fileEncoding = 4; lastKnownFileType = sourcecode.c.objc; path = DogModel.m; sourceTree = "<group>"; };
		01B2C4491F1CB4FC007EBAEB /* runtime_Demo.app */ = {isa = PBXFileReference; explicitFileType = wrapper.application; includeInIndex = 0; path = runtime_Demo.app; sourceTree = BUILT_PRODUCTS_DIR; };
		01B2C44D1F1CB4FC007EBAEB /* main.m */ = {isa = PBXFileReference; lastKnownFileType = sourcecode.c.objc; path = main.m; sourceTree = "<group>"; };
		01B2C44F1F1CB4FC007EBAEB /* AppDelegate.h */ = {isa = PBXFileReference; lastKnownFileType = sourcecode.c.h; path = AppDelegate.h; sourceTree = "<group>"; };
		01B2C4501F1CB4FC007EBAEB /* AppDelegate.m */ = {isa = PBXFileReference; lastKnownFileType = sourcecode.c.objc; path = AppDelegate.m; sourceTree = "<group>"; };
		01B2C4521F1CB4FC007EBAEB /* ViewController.h */ = {isa = PBXFileReference; lastKnownFileType = sourcecode.c.h; path = ViewController.h; sourceTree = "<group>"; };
		01B2C4531F1CB4FC007EBAEB /* ViewController.m */ = {isa = PBXFileReference; lastKnownFileType = sourcecode.c.objc; path = ViewController.m; sourceTree = "<group>"; };
		01B2C4561F1CB4FC007EBAEB /* Base */ = {isa = PBXFileReference; lastKnownFileType = file.storyboard; name = Base; path = Base.lproj/Main.storyboard; sourceTree = "<group>"; };
		01B2C4581F1CB4FC007EBAEB /* Assets.xcassets */ = {isa = PBXFileReference; lastKnownFileType = folder.assetcatalog; path = Assets.xcassets; sourceTree = "<group>"; };
		01B2C45B1F1CB4FD007EBAEB /* Base */ = {isa = PBXFileReference; lastKnownFileType = file.storyboard; name = Base; path = Base.lproj/LaunchScreen.storyboard; sourceTree = "<group>"; };
		01B2C45D1F1CB4FD007EBAEB /* Info.plist */ = {isa = PBXFileReference; lastKnownFileType = text.plist.xml; path = Info.plist; sourceTree = "<group>"; };
		01B2C4631F1CB716007EBAEB /* PersonModel.h */ = {isa = PBXFileReference; fileEncoding = 4; lastKnownFileType = sourcecode.c.h; path = PersonModel.h; sourceTree = "<group>"; };
		01B2C4641F1CB716007EBAEB /* PersonModel.m */ = {isa = PBXFileReference; fileEncoding = 4; lastKnownFileType = sourcecode.c.objc; path = PersonModel.m; sourceTree = "<group>"; };
		01B2C4661F1CB968007EBAEB /* PersonModel+addAttribute.h */ = {isa = PBXFileReference; fileEncoding = 4; lastKnownFileType = sourcecode.c.h; path = "PersonModel+addAttribute.h"; sourceTree = "<group>"; };
		01B2C4671F1CB968007EBAEB /* PersonModel+addAttribute.m */ = {isa = PBXFileReference; fileEncoding = 4; lastKnownFileType = sourcecode.c.objc; path = "PersonModel+addAttribute.m"; sourceTree = "<group>"; };
		01B2C4691F1CC0DF007EBAEB /* UIImage+changeMethod.h */ = {isa = PBXFileReference; fileEncoding = 4; lastKnownFileType = sourcecode.c.h; path = "UIImage+changeMethod.h"; sourceTree = "<group>"; };
		01B2C46A1F1CC0DF007EBAEB /* UIImage+changeMethod.m */ = {isa = PBXFileReference; fileEncoding = 4; lastKnownFileType = sourcecode.c.objc; path = "UIImage+changeMethod.m"; sourceTree = "<group>"; };
		01B2C46C1F1CC7BA007EBAEB /* NSObject+DictionaryToModel.h */ = {isa = PBXFileReference; fileEncoding = 4; lastKnownFileType = sourcecode.c.h; path = "NSObject+DictionaryToModel.h"; sourceTree = "<group>"; };
		01B2C46D1F1CC7BA007EBAEB /* NSObject+DictionaryToModel.m */ = {isa = PBXFileReference; fileEncoding = 4; lastKnownFileType = sourcecode.c.objc; path = "NSObject+DictionaryToModel.m"; sourceTree = "<group>"; };
/* End PBXFileReference section */

/* Begin PBXFrameworksBuildPhase section */
		01B2C4461F1CB4FC007EBAEB /* Frameworks */ = {
			isa = PBXFrameworksBuildPhase;
			buildActionMask = 2147483647;
			files = (
			);
			runOnlyForDeploymentPostprocessing = 0;
		};
/* End PBXFrameworksBuildPhase section */

/* Begin PBXGroup section */
		01B2C4401F1CB4FC007EBAEB = {
			isa = PBXGroup;
			children = (
				01B2C44B1F1CB4FC007EBAEB /* runtime_Demo */,
				01B2C44A1F1CB4FC007EBAEB /* Products */,
			);
			sourceTree = "<group>";
		};
		01B2C44A1F1CB4FC007EBAEB /* Products */ = {
			isa = PBXGroup;
			children = (
				01B2C4491F1CB4FC007EBAEB /* runtime_Demo.app */,
			);
			name = Products;
			sourceTree = "<group>";
		};
		01B2C44B1F1CB4FC007EBAEB /* runtime_Demo */ = {
			isa = PBXGroup;
			children = (
				01B2C44F1F1CB4FC007EBAEB /* AppDelegate.h */,
				01B2C4501F1CB4FC007EBAEB /* AppDelegate.m */,
				01B2C4521F1CB4FC007EBAEB /* ViewController.h */,
				01B2C4531F1CB4FC007EBAEB /* ViewController.m */,
				01B2C4631F1CB716007EBAEB /* PersonModel.h */,
				01B2C4641F1CB716007EBAEB /* PersonModel.m */,
				0127D71D1F207EA10046268F /* DogModel.h */,
				0127D71E1F207EA10046268F /* DogModel.m */,
				01B2C4661F1CB968007EBAEB /* PersonModel+addAttribute.h */,
				01B2C4671F1CB968007EBAEB /* PersonModel+addAttribute.m */,
				01B2C4691F1CC0DF007EBAEB /* UIImage+changeMethod.h */,
				01B2C46A1F1CC0DF007EBAEB /* UIImage+changeMethod.m */,
				01B2C46C1F1CC7BA007EBAEB /* NSObject+DictionaryToModel.h */,
				01B2C46D1F1CC7BA007EBAEB /* NSObject+DictionaryToModel.m */,
				01B2C4551F1CB4FC007EBAEB /* Main.storyboard */,
				01B2C4581F1CB4FC007EBAEB /* Assets.xcassets */,
				01B2C45A1F1CB4FD007EBAEB /* LaunchScreen.storyboard */,
				01B2C45D1F1CB4FD007EBAEB /* Info.plist */,
				01B2C44C1F1CB4FC007EBAEB /* Supporting Files */,
			);
			path = runtime_Demo;
			sourceTree = "<group>";
		};
		01B2C44C1F1CB4FC007EBAEB /* Supporting Files */ = {
			isa = PBXGroup;
			children = (
				01B2C44D1F1CB4FC007EBAEB /* main.m */,
			);
			name = "Supporting Files";
			sourceTree = "<group>";
		};
/* End PBXGroup section */

/* Begin PBXNativeTarget section */
		01B2C4481F1CB4FC007EBAEB /* runtime_Demo */ = {
			isa = PBXNativeTarget;
			buildConfigurationList = 01B2C4601F1CB4FD007EBAEB /* Build configuration list for PBXNativeTarget "runtime_Demo" */;
			buildPhases = (
				01B2C4451F1CB4FC007EBAEB /* Sources */,
				01B2C4461F1CB4FC007EBAEB /* Frameworks */,
				01B2C4471F1CB4FC007EBAEB /* Resources */,
			);
			buildRules = (
			);
			dependencies = (
			);
			name = runtime_Demo;
			productName = runtime_Demo;
			productReference = 01B2C4491F1CB4FC007EBAEB /* runtime_Demo.app */;
			productType = "com.apple.product-type.application";
		};
/* End PBXNativeTarget section */

/* Begin PBXProject section */
		01B2C4411F1CB4FC007EBAEB /* Project object */ = {
			isa = PBXProject;
			attributes = {
				LastUpgradeCheck = 0820;
				ORGANIZATIONNAME = majinli;
				TargetAttributes = {
					01B2C4481F1CB4FC007EBAEB = {
						CreatedOnToolsVersion = 8.2.1;
						DevelopmentTeam = PHWVAXF5Q9;
						ProvisioningStyle = Automatic;
					};
				};
			};
			buildConfigurationList = 01B2C4441F1CB4FC007EBAEB /* Build configuration list for PBXProject "runtime_Demo" */;
			compatibilityVersion = "Xcode 3.2";
			developmentRegion = English;
			hasScannedForEncodings = 0;
			knownRegions = (
				en,
				Base,
			);
			mainGroup = 01B2C4401F1CB4FC007EBAEB;
			productRefGroup = 01B2C44A1F1CB4FC007EBAEB /* Products */;
			projectDirPath = "";
			projectRoot = "";
			targets = (
				01B2C4481F1CB4FC007EBAEB /* runtime_Demo */,
			);
		};
/* End PBXProject section */

/* Begin PBXResourcesBuildPhase section */
		01B2C4471F1CB4FC007EBAEB /* Resources */ = {
			isa = PBXResourcesBuildPhase;
			buildActionMask = 2147483647;
			files = (
				01B2C45C1F1CB4FD007EBAEB /* LaunchScreen.storyboard in Resources */,
				01B2C4591F1CB4FC007EBAEB /* Assets.xcassets in Resources */,
				01B2C4571F1CB4FC007EBAEB /* Main.storyboard in Resources */,
			);
			runOnlyForDeploymentPostprocessing = 0;
		};
/* End PBXResourcesBuildPhase section */

/* Begin PBXSourcesBuildPhase section */
		01B2C4451F1CB4FC007EBAEB /* Sources */ = {
			isa = PBXSourcesBuildPhase;
			buildActionMask = 2147483647;
			files = (
				0127D71F1F207EA10046268F /* DogModel.m in Sources */,
				01B2C46E1F1CC7BA007EBAEB /* NSObject+DictionaryToModel.m in Sources */,
				01B2C4651F1CB716007EBAEB /* PersonModel.m in Sources */,
				01B2C4541F1CB4FC007EBAEB /* ViewController.m in Sources */,
				01B2C4681F1CB968007EBAEB /* PersonModel+addAttribute.m in Sources */,
				01B2C4511F1CB4FC007EBAEB /* AppDelegate.m in Sources */,
				01B2C46B1F1CC0DF007EBAEB /* UIImage+changeMethod.m in Sources */,
				01B2C44E1F1CB4FC007EBAEB /* main.m in Sources */,
			);
			runOnlyForDeploymentPostprocessing = 0;
		};
/* End PBXSourcesBuildPhase section */

/* Begin PBXVariantGroup section */
		01B2C4551F1CB4FC007EBAEB /* Main.storyboard */ = {
			isa = PBXVariantGroup;
			children = (
				01B2C4561F1CB4FC007EBAEB /* Base */,
			);
			name = Main.storyboard;
			sourceTree = "<group>";
		};
		01B2C45A1F1CB4FD007EBAEB /* LaunchScreen.storyboard */ = {
			isa = PBXVariantGroup;
			children = (
				01B2C45B1F1CB4FD007EBAEB /* Base */,
			);
			name = LaunchScreen.storyboard;
			sourceTree = "<group>";
		};
/* End PBXVariantGroup section */

/* Begin XCBuildConfiguration section */
		01B2C45E1F1CB4FD007EBAEB /* Debug */ = {
			isa = XCBuildConfiguration;
			buildSettings = {
				ALWAYS_SEARCH_USER_PATHS = NO;
				CLANG_ANALYZER_NONNULL = YES;
				CLANG_CXX_LANGUAGE_STANDARD = "gnu++0x";
				CLANG_CXX_LIBRARY = "libc++";
				CLANG_ENABLE_MODULES = YES;
				CLANG_ENABLE_OBJC_ARC = YES;
				CLANG_WARN_BOOL_CONVERSION = YES;
				CLANG_WARN_CONSTANT_CONVERSION = YES;
				CLANG_WARN_DIRECT_OBJC_ISA_USAGE = YES_ERROR;
				CLANG_WARN_DOCUMENTATION_COMMENTS = YES;
				CLANG_WARN_EMPTY_BODY = YES;
				CLANG_WARN_ENUM_CONVERSION = YES;
				CLANG_WARN_INFINITE_RECURSION = YES;
				CLANG_WARN_INT_CONVERSION = YES;
				CLANG_WARN_OBJC_ROOT_CLASS = YES_ERROR;
				CLANG_WARN_SUSPICIOUS_MOVE = YES;
				CLANG_WARN_UNREACHABLE_CODE = YES;
				CLANG_WARN__DUPLICATE_METHOD_MATCH = YES;
				"CODE_SIGN_IDENTITY[sdk=iphoneos*]" = "iPhone Developer";
				COPY_PHASE_STRIP = NO;
				DEBUG_INFORMATION_FORMAT = dwarf;
				ENABLE_STRICT_OBJC_MSGSEND = YES;
				ENABLE_TESTABILITY = YES;
				GCC_C_LANGUAGE_STANDARD = gnu99;
				GCC_DYNAMIC_NO_PIC = NO;
				GCC_NO_COMMON_BLOCKS = YES;
				GCC_OPTIMIZATION_LEVEL = 0;
				GCC_PREPROCESSOR_DEFINITIONS = (
					"DEBUG=1",
					"$(inherited)",
				);
				GCC_WARN_64_TO_32_BIT_CONVERSION = YES;
				GCC_WARN_ABOUT_RETURN_TYPE = YES_ERROR;
				GCC_WARN_UNDECLARED_SELECTOR = YES;
				GCC_WARN_UNINITIALIZED_AUTOS = YES_AGGRESSIVE;
				GCC_WARN_UNUSED_FUNCTION = YES;
				GCC_WARN_UNUSED_VARIABLE = YES;
				IPHONEOS_DEPLOYMENT_TARGET = 10.2;
				MTL_ENABLE_DEBUG_INFO = YES;
				ONLY_ACTIVE_ARCH = YES;
				SDKROOT = iphoneos;
			};
			name = Debug;
		};
		01B2C45F1F1CB4FD007EBAEB /* Release */ = {
			isa = XCBuildConfiguration;
			buildSettings = {
				ALWAYS_SEARCH_USER_PATHS = NO;
				CLANG_ANALYZER_NONNULL = YES;
				CLANG_CXX_LANGUAGE_STANDARD = "gnu++0x";
				CLANG_CXX_LIBRARY = "libc++";
				CLANG_ENABLE_MODULES = YES;
				CLANG_ENABLE_OBJC_ARC = YES;
				CLANG_WARN_BOOL_CONVERSION = YES;
				CLANG_WARN_CONSTANT_CONVERSION = YES;
				CLANG_WARN_DIRECT_OBJC_ISA_USAGE = YES_ERROR;
				CLANG_WARN_DOCUMENTATION_COMMENTS = YES;
				CLANG_WARN_EMPTY_BODY = YES;
				CLANG_WARN_ENUM_CONVERSION = YES;
				CLANG_WARN_INFINITE_RECURSION = YES;
				CLANG_WARN_INT_CONVERSION = YES;
				CLANG_WARN_OBJC_ROOT_CLASS = YES_ERROR;
				CLANG_WARN_SUSPICIOUS_MOVE = YES;
				CLANG_WARN_UNREACHABLE_CODE = YES;
				CLANG_WARN__DUPLICATE_METHOD_MATCH = YES;
				"CODE_SIGN_IDENTITY[sdk=iphoneos*]" = "iPhone Developer";
				COPY_PHASE_STRIP = NO;
				DEBUG_INFORMATION_FORMAT = "dwarf-with-dsym";
				ENABLE_NS_ASSERTIONS = NO;
				ENABLE_STRICT_OBJC_MSGSEND = YES;
				GCC_C_LANGUAGE_STANDARD = gnu99;
				GCC_NO_COMMON_BLOCKS = YES;
				GCC_WARN_64_TO_32_BIT_CONVERSION = YES;
				GCC_WARN_ABOUT_RETURN_TYPE = YES_ERROR;
				GCC_WARN_UNDECLARED_SELECTOR = YES;
				GCC_WARN_UNINITIALIZED_AUTOS = YES_AGGRESSIVE;
				GCC_WARN_UNUSED_FUNCTION = YES;
				GCC_WARN_UNUSED_VARIABLE = YES;
				IPHONEOS_DEPLOYMENT_TARGET = 10.2;
				MTL_ENABLE_DEBUG_INFO = NO;
				SDKROOT = iphoneos;
				VALIDATE_PRODUCT = YES;
			};
			name = Release;
		};
		01B2C4611F1CB4FD007EBAEB /* Debug */ = {
			isa = XCBuildConfiguration;
			buildSettings = {
				ASSETCATALOG_COMPILER_APPICON_NAME = AppIcon;
				DEVELOPMENT_TEAM = PHWVAXF5Q9;
				INFOPLIST_FILE = runtime_Demo/Info.plist;
				LD_RUNPATH_SEARCH_PATHS = "$(inherited) @executable_path/Frameworks";
				PRODUCT_BUNDLE_IDENTIFIER = "com.Custom.runtime-Demo";
				PRODUCT_NAME = "$(TARGET_NAME)";
			};
			name = Debug;
		};
		01B2C4621F1CB4FD007EBAEB /* Release */ = {
			isa = XCBuildConfiguration;
			buildSettings = {
				ASSETCATALOG_COMPILER_APPICON_NAME = AppIcon;
				DEVELOPMENT_TEAM = PHWVAXF5Q9;
				INFOPLIST_FILE = runtime_Demo/Info.plist;
				LD_RUNPATH_SEARCH_PATHS = "$(inherited) @executable_path/Frameworks";
				PRODUCT_BUNDLE_IDENTIFIER = "com.Custom.runtime-Demo";
				PRODUCT_NAME = "$(TARGET_NAME)";
			};
			name = Release;
		};
/* End XCBuildConfiguration section */

/* Begin XCConfigurationList section */
		01B2C4441F1CB4FC007EBAEB /* Build configuration list for PBXProject "runtime_Demo" */ = {
			isa = XCConfigurationList;
			buildConfigurations = (
				01B2C45E1F1CB4FD007EBAEB /* Debug */,
				01B2C45F1F1CB4FD007EBAEB /* Release */,
			);
			defaultConfigurationIsVisible = 0;
			defaultConfigurationName = Release;
		};
		01B2C4601F1CB4FD007EBAEB /* Build configuration list for PBXNativeTarget "runtime_Demo" */ = {
			isa = XCConfigurationList;
			buildConfigurations = (
				01B2C4611F1CB4FD007EBAEB /* Debug */,
				01B2C4621F1CB4FD007EBAEB /* Release */,
			);
			defaultConfigurationIsVisible = 0;
			defaultConfigurationName = Release;
		};
/* End XCConfigurationList section */
	};
	rootObject = 01B2C4411F1CB4FC007EBAEB /* Project object */;
}
